
Microsoft Visual Studio Solution File, Format Version 12.00
# Visual Studio Version 17
VisualStudioVersion = 17.6.33712.159
MinimumVisualStudioVersion = 10.0.40219.1
Project("{2150E333-8FDC-42A3-9474-1A3956D46DE8}") = "Services", "Services", "{1D6A704E-020C-4C25-A3E6-4E56A2F72D67}"
EndProject
Project("{2150E333-8FDC-42A3-9474-1A3956D46DE8}") = "Catalog", "Catalog", "{5A3CC7AE-E612-4AEF-B8CB-CC49A8D2E52C}"
EndProject
Project("{2150E333-8FDC-42A3-9474-1A3956D46DE8}") = "Basket", "Basket", "{74DC2BD0-C649-4AAE-80B3-4CC4181F8E37}"
EndProject
Project("{9A19103F-16F7-4668-BE54-9A1E7A4F7556}") = "Catalog.Application", "Services\Catalog\Catalog.Application\Catalog.Application.csproj", "{3B9DFCF7-8347-4875-AF18-C7FDA8EDBC58}"
EndProject
Project("{9A19103F-16F7-4668-BE54-9A1E7A4F7556}") = "Catalog.Core", "Services\Catalog\Catalog.Core\Catalog.Core.csproj", "{51D6373C-E6F0-49CC-A5A6-104CFFB755FA}"
EndProject
Project("{9A19103F-16F7-4668-BE54-9A1E7A4F7556}") = "Catalog.Infrastructure", "Services\Catalog\Catalog.Infrastructure\Catalog.Infrastructure.csproj", "{4EC2489E-E30A-43FC-BF2B-375E51B7AFB5}"
EndProject
Project("{9A19103F-16F7-4668-BE54-9A1E7A4F7556}") = "Basket.Infrastructure", "Services\Basket\Basket.Infrastructure\Basket.Infrastructure.csproj", "{A981C259-6E7E-4FD3-8857-E91915005EA7}"
EndProject
Project("{9A19103F-16F7-4668-BE54-9A1E7A4F7556}") = "Basket.Application", "Services\Basket\Basket.Application\Basket.Application.csproj", "{7C2B43EC-C96C-4264-989F-5F0BFCA516B1}"
EndProject
Project("{9A19103F-16F7-4668-BE54-9A1E7A4F7556}") = "Basket.Core", "Services\Basket\Basket.Core\Basket.Core.csproj", "{F9116C86-E229-4C03-8C1B-40FE9074C9A9}"
EndProject
Project("{9A19103F-16F7-4668-BE54-9A1E7A4F7556}") = "Catalog.API", "Services\Catalog\Catalog.API\Catalog.API.csproj", "{197026A7-7299-4AC8-807E-8ABC301A242A}"
EndProject
Project("{E53339B2-1760-4266-BCC7-CA923CBCF16C}") = "docker-compose", "docker-compose.dcproj", "{01B889B5-B327-4EBA-8F12-2972BBCAFF7F}"
EndProject
Project("{9A19103F-16F7-4668-BE54-9A1E7A4F7556}") = "Basket.API", "Services\Basket\Basket.API\Basket.API.csproj", "{381708BC-D66D-496A-AEF0-3B7F85F7CEE7}"
EndProject
Project("{2150E333-8FDC-42A3-9474-1A3956D46DE8}") = "Discount", "Discount", "{F77BA47C-9008-45ED-B260-BF13DE9AC7AE}"
EndProject
Project("{9A19103F-16F7-4668-BE54-9A1E7A4F7556}") = "Discount.Core", "Services\Discount\Discount.Core\Discount.Core.csproj", "{6D9E1545-E8DE-4F16-BB35-904DF011B38B}"
EndProject
Project("{9A19103F-16F7-4668-BE54-9A1E7A4F7556}") = "DiscountApplication", "Services\Discount\DiscountApplication\DiscountApplication.csproj", "{36D8FA92-7D33-4877-9D62-C43B41CA1DE3}"
EndProject
Project("{9A19103F-16F7-4668-BE54-9A1E7A4F7556}") = "Discount.Infrastructure", "Services\Discount\Discount.Infrastructure\Discount.Infrastructure.csproj", "{68CCBCCB-7CC6-4A0C-8922-342EBFCC0804}"
EndProject
Project("{9A19103F-16F7-4668-BE54-9A1E7A4F7556}") = "Discount.API", "Services\Discount\Discount.API\Discount.API.csproj", "{97DB82FD-722A-48CD-9267-1E8DD5F702F3}"
EndProject
Project("{2150E333-8FDC-42A3-9474-1A3956D46DE8}") = "Ordering", "Ordering", "{37267997-D94E-4055-BC9C-AF9142517E73}"
EndProject
Project("{9A19103F-16F7-4668-BE54-9A1E7A4F7556}") = "Ordering.Core", "Services\Ordering\Ordering.Core\Ordering.Core.csproj", "{13A842FB-6BC7-4606-8400-E19B870F6F08}"
EndProject
Project("{9A19103F-16F7-4668-BE54-9A1E7A4F7556}") = "Ordering.Infrastructure", "Services\Ordering\Ordering.Infrastructure\Ordering.Infrastructure.csproj", "{206E324A-2549-416E-92A0-251273801715}"
EndProject
Project("{9A19103F-16F7-4668-BE54-9A1E7A4F7556}") = "Ordering.Application", "Services\Ordering\Ordering.Application\Ordering.Application.csproj", "{9AA7F9F5-EFD0-4510-BB5B-05A3BAD51E76}"
EndProject
Project("{9A19103F-16F7-4668-BE54-9A1E7A4F7556}") = "Ordering.API", "Services\Ordering\Ordering.API\Ordering.API.csproj", "{8F041E8C-761F-47D3-B9B1-E3EF41D6F7A1}"
EndProject
Project("{2150E333-8FDC-42A3-9474-1A3956D46DE8}") = "Infrastructure", "Infrastructure", "{883FE12D-A542-4DAC-908A-3D947B5B2040}"
EndProject
Project("{9A19103F-16F7-4668-BE54-9A1E7A4F7556}") = "EventBus.Messages", "Infrastructure\EventBus.Messages\EventBus.Messages.csproj", "{39448B02-113A-4143-815D-8923CF3BDBD5}"
EndProject
Project("{2150E333-8FDC-42A3-9474-1A3956D46DE8}") = "ApiGateways", "ApiGateways", "{1AF94456-6F60-47CF-A1CD-F3EBC77E02E8}"
EndProject
Project("{9A19103F-16F7-4668-BE54-9A1E7A4F7556}") = "Ocelot.ApiGateway", "ApiGateways\Ocelot.ApiGateway\Ocelot.ApiGateway.csproj", "{07C295FD-BE0C-41FB-84D8-017E4DAC6981}"
EndProject
Project("{9A19103F-16F7-4668-BE54-9A1E7A4F7556}") = "EShopping.Identity", "Infrastructure\EShopping.Identity\EShopping.Identity.csproj", "{958A95A9-2824-4EBD-832F-78DA6E36D12E}"
EndProject
Project("{2150E333-8FDC-42A3-9474-1A3956D46DE8}") = "nginx", "nginx", "{ADF0C97E-85D5-4EA0-8845-75E01F0E83AB}"
	ProjectSection(SolutionItems) = preProject
		ApiGateways\nginx\id-local.conf = ApiGateways\nginx\id-local.conf
		ApiGateways\nginx\id-local.crt = ApiGateways\nginx\id-local.crt
		ApiGateways\nginx\id-local.key = ApiGateways\nginx\id-local.key
		ApiGateways\nginx\id-local.pfx = ApiGateways\nginx\id-local.pfx
		ApiGateways\nginx\nginx.Dockerfile = ApiGateways\nginx\nginx.Dockerfile
		ApiGateways\nginx\nginx.local.conf = ApiGateways\nginx\nginx.local.conf
	EndProjectSection
EndProject
Project("{FAE04EC0-301F-11D3-BF4B-00C04F79EFBC}") = "Common.Logging", "Infrastructure\Common.Logging\Common.Logging.csproj", "{0E9F139B-1521-444C-B601-18AEC3F3031E}"
EndProject
Global
	GlobalSection(SolutionConfigurationPlatforms) = preSolution
		Debug|Any CPU = Debug|Any CPU
		Release|Any CPU = Release|Any CPU
	EndGlobalSection
	GlobalSection(ProjectConfigurationPlatforms) = postSolution
		{3B9DFCF7-8347-4875-AF18-C7FDA8EDBC58}.Debug|Any CPU.ActiveCfg = Debug|Any CPU
		{3B9DFCF7-8347-4875-AF18-C7FDA8EDBC58}.Debug|Any CPU.Build.0 = Debug|Any CPU
		{3B9DFCF7-8347-4875-AF18-C7FDA8EDBC58}.Release|Any CPU.ActiveCfg = Release|Any CPU
		{3B9DFCF7-8347-4875-AF18-C7FDA8EDBC58}.Release|Any CPU.Build.0 = Release|Any CPU
		{51D6373C-E6F0-49CC-A5A6-104CFFB755FA}.Debug|Any CPU.ActiveCfg = Debug|Any CPU
		{51D6373C-E6F0-49CC-A5A6-104CFFB755FA}.Debug|Any CPU.Build.0 = Debug|Any CPU
		{51D6373C-E6F0-49CC-A5A6-104CFFB755FA}.Release|Any CPU.ActiveCfg = Release|Any CPU
		{51D6373C-E6F0-49CC-A5A6-104CFFB755FA}.Release|Any CPU.Build.0 = Release|Any CPU
		{4EC2489E-E30A-43FC-BF2B-375E51B7AFB5}.Debug|Any CPU.ActiveCfg = Debug|Any CPU
		{4EC2489E-E30A-43FC-BF2B-375E51B7AFB5}.Debug|Any CPU.Build.0 = Debug|Any CPU
		{4EC2489E-E30A-43FC-BF2B-375E51B7AFB5}.Release|Any CPU.ActiveCfg = Release|Any CPU
		{4EC2489E-E30A-43FC-BF2B-375E51B7AFB5}.Release|Any CPU.Build.0 = Release|Any CPU
		{A981C259-6E7E-4FD3-8857-E91915005EA7}.Debug|Any CPU.ActiveCfg = Debug|Any CPU
		{A981C259-6E7E-4FD3-8857-E91915005EA7}.Debug|Any CPU.Build.0 = Debug|Any CPU
		{A981C259-6E7E-4FD3-8857-E91915005EA7}.Release|Any CPU.ActiveCfg = Release|Any CPU
		{A981C259-6E7E-4FD3-8857-E91915005EA7}.Release|Any CPU.Build.0 = Release|Any CPU
		{7C2B43EC-C96C-4264-989F-5F0BFCA516B1}.Debug|Any CPU.ActiveCfg = Debug|Any CPU
		{7C2B43EC-C96C-4264-989F-5F0BFCA516B1}.Debug|Any CPU.Build.0 = Debug|Any CPU
		{7C2B43EC-C96C-4264-989F-5F0BFCA516B1}.Release|Any CPU.ActiveCfg = Release|Any CPU
		{7C2B43EC-C96C-4264-989F-5F0BFCA516B1}.Release|Any CPU.Build.0 = Release|Any CPU
		{F9116C86-E229-4C03-8C1B-40FE9074C9A9}.Debug|Any CPU.ActiveCfg = Debug|Any CPU
		{F9116C86-E229-4C03-8C1B-40FE9074C9A9}.Debug|Any CPU.Build.0 = Debug|Any CPU
		{F9116C86-E229-4C03-8C1B-40FE9074C9A9}.Release|Any CPU.ActiveCfg = Release|Any CPU
		{F9116C86-E229-4C03-8C1B-40FE9074C9A9}.Release|Any CPU.Build.0 = Release|Any CPU
		{197026A7-7299-4AC8-807E-8ABC301A242A}.Debug|Any CPU.ActiveCfg = Debug|Any CPU
		{197026A7-7299-4AC8-807E-8ABC301A242A}.Debug|Any CPU.Build.0 = Debug|Any CPU
		{197026A7-7299-4AC8-807E-8ABC301A242A}.Release|Any CPU.ActiveCfg = Release|Any CPU
		{197026A7-7299-4AC8-807E-8ABC301A242A}.Release|Any CPU.Build.0 = Release|Any CPU
		{01B889B5-B327-4EBA-8F12-2972BBCAFF7F}.Debug|Any CPU.ActiveCfg = Debug|Any CPU
		{01B889B5-B327-4EBA-8F12-2972BBCAFF7F}.Debug|Any CPU.Build.0 = Debug|Any CPU
		{01B889B5-B327-4EBA-8F12-2972BBCAFF7F}.Release|Any CPU.ActiveCfg = Release|Any CPU
		{01B889B5-B327-4EBA-8F12-2972BBCAFF7F}.Release|Any CPU.Build.0 = Release|Any CPU
		{381708BC-D66D-496A-AEF0-3B7F85F7CEE7}.Debug|Any CPU.ActiveCfg = Debug|Any CPU
		{381708BC-D66D-496A-AEF0-3B7F85F7CEE7}.Debug|Any CPU.Build.0 = Debug|Any CPU
		{381708BC-D66D-496A-AEF0-3B7F85F7CEE7}.Release|Any CPU.ActiveCfg = Release|Any CPU
		{381708BC-D66D-496A-AEF0-3B7F85F7CEE7}.Release|Any CPU.Build.0 = Release|Any CPU
		{6D9E1545-E8DE-4F16-BB35-904DF011B38B}.Debug|Any CPU.ActiveCfg = Debug|Any CPU
		{6D9E1545-E8DE-4F16-BB35-904DF011B38B}.Debug|Any CPU.Build.0 = Debug|Any CPU
		{6D9E1545-E8DE-4F16-BB35-904DF011B38B}.Release|Any CPU.ActiveCfg = Release|Any CPU
		{6D9E1545-E8DE-4F16-BB35-904DF011B38B}.Release|Any CPU.Build.0 = Release|Any CPU
		{36D8FA92-7D33-4877-9D62-C43B41CA1DE3}.Debug|Any CPU.ActiveCfg = Debug|Any CPU
		{36D8FA92-7D33-4877-9D62-C43B41CA1DE3}.Debug|Any CPU.Build.0 = Debug|Any CPU
		{36D8FA92-7D33-4877-9D62-C43B41CA1DE3}.Release|Any CPU.ActiveCfg = Release|Any CPU
		{36D8FA92-7D33-4877-9D62-C43B41CA1DE3}.Release|Any CPU.Build.0 = Release|Any CPU
		{68CCBCCB-7CC6-4A0C-8922-342EBFCC0804}.Debug|Any CPU.ActiveCfg = Debug|Any CPU
		{68CCBCCB-7CC6-4A0C-8922-342EBFCC0804}.Debug|Any CPU.Build.0 = Debug|Any CPU
		{68CCBCCB-7CC6-4A0C-8922-342EBFCC0804}.Release|Any CPU.ActiveCfg = Release|Any CPU
		{68CCBCCB-7CC6-4A0C-8922-342EBFCC0804}.Release|Any CPU.Build.0 = Release|Any CPU
		{97DB82FD-722A-48CD-9267-1E8DD5F702F3}.Debug|Any CPU.ActiveCfg = Debug|Any CPU
		{97DB82FD-722A-48CD-9267-1E8DD5F702F3}.Debug|Any CPU.Build.0 = Debug|Any CPU
		{97DB82FD-722A-48CD-9267-1E8DD5F702F3}.Release|Any CPU.ActiveCfg = Release|Any CPU
		{97DB82FD-722A-48CD-9267-1E8DD5F702F3}.Release|Any CPU.Build.0 = Release|Any CPU
		{13A842FB-6BC7-4606-8400-E19B870F6F08}.Debug|Any CPU.ActiveCfg = Debug|Any CPU
		{13A842FB-6BC7-4606-8400-E19B870F6F08}.Debug|Any CPU.Build.0 = Debug|Any CPU
		{13A842FB-6BC7-4606-8400-E19B870F6F08}.Release|Any CPU.ActiveCfg = Release|Any CPU
		{13A842FB-6BC7-4606-8400-E19B870F6F08}.Release|Any CPU.Build.0 = Release|Any CPU
		{206E324A-2549-416E-92A0-251273801715}.Debug|Any CPU.ActiveCfg = Debug|Any CPU
		{206E324A-2549-416E-92A0-251273801715}.Debug|Any CPU.Build.0 = Debug|Any CPU
		{206E324A-2549-416E-92A0-251273801715}.Release|Any CPU.ActiveCfg = Release|Any CPU
		{206E324A-2549-416E-92A0-251273801715}.Release|Any CPU.Build.0 = Release|Any CPU
		{9AA7F9F5-EFD0-4510-BB5B-05A3BAD51E76}.Debug|Any CPU.ActiveCfg = Debug|Any CPU
		{9AA7F9F5-EFD0-4510-BB5B-05A3BAD51E76}.Debug|Any CPU.Build.0 = Debug|Any CPU
		{9AA7F9F5-EFD0-4510-BB5B-05A3BAD51E76}.Release|Any CPU.ActiveCfg = Release|Any CPU
		{9AA7F9F5-EFD0-4510-BB5B-05A3BAD51E76}.Release|Any CPU.Build.0 = Release|Any CPU
		{8F041E8C-761F-47D3-B9B1-E3EF41D6F7A1}.Debug|Any CPU.ActiveCfg = Debug|Any CPU
		{8F041E8C-761F-47D3-B9B1-E3EF41D6F7A1}.Debug|Any CPU.Build.0 = Debug|Any CPU
		{8F041E8C-761F-47D3-B9B1-E3EF41D6F7A1}.Release|Any CPU.ActiveCfg = Release|Any CPU
		{8F041E8C-761F-47D3-B9B1-E3EF41D6F7A1}.Release|Any CPU.Build.0 = Release|Any CPU
		{39448B02-113A-4143-815D-8923CF3BDBD5}.Debug|Any CPU.ActiveCfg = Debug|Any CPU
		{39448B02-113A-4143-815D-8923CF3BDBD5}.Debug|Any CPU.Build.0 = Debug|Any CPU
		{39448B02-113A-4143-815D-8923CF3BDBD5}.Release|Any CPU.ActiveCfg = Release|Any CPU
		{39448B02-113A-4143-815D-8923CF3BDBD5}.Release|Any CPU.Build.0 = Release|Any CPU
		{07C295FD-BE0C-41FB-84D8-017E4DAC6981}.Debug|Any CPU.ActiveCfg = Debug|Any CPU
		{07C295FD-BE0C-41FB-84D8-017E4DAC6981}.Debug|Any CPU.Build.0 = Debug|Any CPU
		{07C295FD-BE0C-41FB-84D8-017E4DAC6981}.Release|Any CPU.ActiveCfg = Release|Any CPU
		{07C295FD-BE0C-41FB-84D8-017E4DAC6981}.Release|Any CPU.Build.0 = Release|Any CPU
		{958A95A9-2824-4EBD-832F-78DA6E36D12E}.Debug|Any CPU.ActiveCfg = Debug|Any CPU
		{958A95A9-2824-4EBD-832F-78DA6E36D12E}.Debug|Any CPU.Build.0 = Debug|Any CPU
		{958A95A9-2824-4EBD-832F-78DA6E36D12E}.Release|Any CPU.ActiveCfg = Release|Any CPU
		{958A95A9-2824-4EBD-832F-78DA6E36D12E}.Release|Any CPU.Build.0 = Release|Any CPU
		{0E9F139B-1521-444C-B601-18AEC3F3031E}.Debug|Any CPU.ActiveCfg = Debug|Any CPU
		{0E9F139B-1521-444C-B601-18AEC3F3031E}.Debug|Any CPU.Build.0 = Debug|Any CPU
		{0E9F139B-1521-444C-B601-18AEC3F3031E}.Release|Any CPU.ActiveCfg = Release|Any CPU
		{0E9F139B-1521-444C-B601-18AEC3F3031E}.Release|Any CPU.Build.0 = Release|Any CPU
	EndGlobalSection
	GlobalSection(SolutionProperties) = preSolution
		HideSolutionNode = FALSE
	EndGlobalSection
	GlobalSection(NestedProjects) = preSolution
		{5A3CC7AE-E612-4AEF-B8CB-CC49A8D2E52C} = {1D6A704E-020C-4C25-A3E6-4E56A2F72D67}
		{74DC2BD0-C649-4AAE-80B3-4CC4181F8E37} = {1D6A704E-020C-4C25-A3E6-4E56A2F72D67}
		{3B9DFCF7-8347-4875-AF18-C7FDA8EDBC58} = {5A3CC7AE-E612-4AEF-B8CB-CC49A8D2E52C}
		{51D6373C-E6F0-49CC-A5A6-104CFFB755FA} = {5A3CC7AE-E612-4AEF-B8CB-CC49A8D2E52C}
		{4EC2489E-E30A-43FC-BF2B-375E51B7AFB5} = {5A3CC7AE-E612-4AEF-B8CB-CC49A8D2E52C}
		{A981C259-6E7E-4FD3-8857-E91915005EA7} = {74DC2BD0-C649-4AAE-80B3-4CC4181F8E37}
		{7C2B43EC-C96C-4264-989F-5F0BFCA516B1} = {74DC2BD0-C649-4AAE-80B3-4CC4181F8E37}
		{F9116C86-E229-4C03-8C1B-40FE9074C9A9} = {74DC2BD0-C649-4AAE-80B3-4CC4181F8E37}
		{197026A7-7299-4AC8-807E-8ABC301A242A} = {5A3CC7AE-E612-4AEF-B8CB-CC49A8D2E52C}
		{381708BC-D66D-496A-AEF0-3B7F85F7CEE7} = {74DC2BD0-C649-4AAE-80B3-4CC4181F8E37}
		{F77BA47C-9008-45ED-B260-BF13DE9AC7AE} = {1D6A704E-020C-4C25-A3E6-4E56A2F72D67}
		{6D9E1545-E8DE-4F16-BB35-904DF011B38B} = {F77BA47C-9008-45ED-B260-BF13DE9AC7AE}
		{36D8FA92-7D33-4877-9D62-C43B41CA1DE3} = {F77BA47C-9008-45ED-B260-BF13DE9AC7AE}
		{68CCBCCB-7CC6-4A0C-8922-342EBFCC0804} = {F77BA47C-9008-45ED-B260-BF13DE9AC7AE}
		{97DB82FD-722A-48CD-9267-1E8DD5F702F3} = {F77BA47C-9008-45ED-B260-BF13DE9AC7AE}
		{37267997-D94E-4055-BC9C-AF9142517E73} = {1D6A704E-020C-4C25-A3E6-4E56A2F72D67}
		{13A842FB-6BC7-4606-8400-E19B870F6F08} = {37267997-D94E-4055-BC9C-AF9142517E73}
		{206E324A-2549-416E-92A0-251273801715} = {37267997-D94E-4055-BC9C-AF9142517E73}
		{9AA7F9F5-EFD0-4510-BB5B-05A3BAD51E76} = {37267997-D94E-4055-BC9C-AF9142517E73}
		{8F041E8C-761F-47D3-B9B1-E3EF41D6F7A1} = {37267997-D94E-4055-BC9C-AF9142517E73}
		{39448B02-113A-4143-815D-8923CF3BDBD5} = {883FE12D-A542-4DAC-908A-3D947B5B2040}
		{07C295FD-BE0C-41FB-84D8-017E4DAC6981} = {1AF94456-6F60-47CF-A1CD-F3EBC77E02E8}
		{958A95A9-2824-4EBD-832F-78DA6E36D12E} = {883FE12D-A542-4DAC-908A-3D947B5B2040}
		{ADF0C97E-85D5-4EA0-8845-75E01F0E83AB} = {1AF94456-6F60-47CF-A1CD-F3EBC77E02E8}
		{0E9F139B-1521-444C-B601-18AEC3F3031E} = {883FE12D-A542-4DAC-908A-3D947B5B2040}
	EndGlobalSection
	GlobalSection(ExtensibilityGlobals) = postSolution
		SolutionGuid = {845652F3-7312-4AF8-A21F-82CCB35DE1DB}
	EndGlobalSection
EndGlobal
